PODS:
  - AgoraRtcEngine_iOS (4.2.1):
    - AgoraRtcEngine_iOS/AIAEC (= 4.2.1)
    - AgoraRtcEngine_iOS/AINS (= 4.2.1)
    - AgoraRtcEngine_iOS/AudioBeauty (= 4.2.1)
    - AgoraRtcEngine_iOS/ClearVision (= 4.2.1)
    - AgoraRtcEngine_iOS/ContentInspect (= 4.2.1)
    - AgoraRtcEngine_iOS/DRM (= 4.2.1)
    - AgoraRtcEngine_iOS/FaceDetection (= 4.2.1)
    - AgoraRtcEngine_iOS/ReplayKit (= 4.2.1)
    - AgoraRtcEngine_iOS/RtcBasic (= 4.2.1)
    - AgoraRtcEngine_iOS/SpatialAudio (= 4.2.1)
    - AgoraRtcEngine_iOS/VideoCodecDec (= 4.2.1)
    - AgoraRtcEngine_iOS/VideoCodecEnc (= 4.2.1)
    - AgoraRtcEngine_iOS/VirtualBackground (= 4.2.1)
    - AgoraRtcEngine_iOS/VQA (= 4.2.1)
  - AgoraRtcEngine_iOS/AIAEC (4.2.1)
  - AgoraRtcEngine_iOS/AINS (4.2.1)
  - AgoraRtcEngine_iOS/AudioBeauty (4.2.1)
  - AgoraRtcEngine_iOS/ClearVision (4.2.1)
  - AgoraRtcEngine_iOS/ContentInspect (4.2.1)
  - AgoraRtcEngine_iOS/DRM (4.2.1)
  - AgoraRtcEngine_iOS/FaceDetection (4.2.1)
  - AgoraRtcEngine_iOS/ReplayKit (4.2.1)
  - AgoraRtcEngine_iOS/RtcBasic (4.2.1)
  - AgoraRtcEngine_iOS/SpatialAudio (4.2.1)
  - AgoraRtcEngine_iOS/VideoCodecDec (4.2.1)
  - AgoraRtcEngine_iOS/VideoCodecEnc (4.2.1)
  - AgoraRtcEngine_iOS/VirtualBackground (4.2.1)
  - AgoraRtcEngine_iOS/VQA (4.2.1)
  - Masonry (1.1.0)
  - SVProgressHUD (2.2.5)

DEPENDENCIES:
  - AgoraRtcEngine_iOS (= 4.2.1)
  - Masonry (= 1.1.0)
  - SVProgressHUD (= 2.2.5)

SPEC REPOS:
  trunk:
    - AgoraRtcEngine_iOS
    - Masonry
    - SVProgressHUD

SPEC CHECKSUMS:
  AgoraRtcEngine_iOS: bbbacbf4797a6f85532c6023b72c4d66f2b49227
  Masonry: 678fab65091a9290e40e2832a55e7ab731aad201
  SVProgressHUD: 1428aafac632c1f86f62aa4243ec12008d7a51d6

PODFILE CHECKSUM: 7313a9e6d03fa96e7193b1585c489cd958c7d7c5

COCOAPODS: 1.11.3
